
Microsoft Visual Studio Solution File, Format Version 12.00
# Visual Studio Version 16
VisualStudioVersion = 16.0.30011.22
MinimumVisualStudioVersion = 10.0.40219.1
Project("{FAE04EC0-301F-11D3-BF4B-00C04F79EFBC}") = "HWallpaper", "HWallpaper\HWallpaper.csproj", "{BEA4C1AA-5B62-45D5-AA1D-2EB0FFBCFD76}"
EndProject
Global
	GlobalSection(SolutionConfigurationPlatforms) = preSolution
		Debug|Any CPU = Debug|Any CPU
		Release|Any CPU = Release|Any CPU
	EndGlobalSection
	GlobalSection(ProjectConfigurationPlatforms) = postSolution
		{BEA4C1AA-5B62-45D5-AA1D-2EB0FFBCFD76}.Debug|Any CPU.ActiveCfg = Debug|Any CPU
		{BEA4C1AA-5B62-45D5-AA1D-2EB0FFBCFD76}.Debug|Any CPU.Build.0 = Debug|Any CPU
		{BEA4C1AA-5B62-45D5-AA1D-2EB0FFBCFD76}.Release|Any CPU.ActiveCfg = Release|Any CPU
		{BEA4C1AA-5B62-45D5-AA1D-2EB0FFBCFD76}.Release|Any CPU.Build.0 = Release|Any CPU
	EndGlobalSection
	GlobalSection(SolutionProperties) = preSolution
		HideSolutionNode = FALSE
	EndGlobalSection
	GlobalSection(ExtensibilityGlobals) = postSolution
		SolutionGuid = {4C9E2531-1D03-4CBC-A8E2-7D1A6C667C40}
	EndGlobalSection
EndGlobal
